
Microsoft Visual Studio Solution File, Format Version 12.00
# Visual Studio Version 17
VisualStudioVersion = 17.13.35931.197 d17.13
MinimumVisualStudioVersion = 10.0.40219.1
Project("{FAE04EC0-301F-11D3-BF4B-00C04F79EFBC}") = "Dsw2026Ej11", "Dsw2026Ej11.csproj", "{25D5D21F-11CB-1775-F72F-A5ECAB746D07}"
EndProject
Global
	GlobalSection(SolutionConfigurationPlatforms) = preSolution
		Debug|Any CPU = Debug|Any CPU
		Release|Any CPU = Release|Any CPU
	EndGlobalSection
	GlobalSection(ProjectConfigurationPlatforms) = postSolution
		{25D5D21F-11CB-1775-F72F-A5ECAB746D07}.Debug|Any CPU.ActiveCfg = Debug|Any CPU
		{25D5D21F-11CB-1775-F72F-A5ECAB746D07}.Debug|Any CPU.Build.0 = Debug|Any CPU
		{25D5D21F-11CB-1775-F72F-A5ECAB746D07}.Release|Any CPU.ActiveCfg = Release|Any CPU
		{25D5D21F-11CB-1775-F72F-A5ECAB746D07}.Release|Any CPU.Build.0 = Release|Any CPU
	EndGlobalSection
	GlobalSection(SolutionProperties) = preSolution
		HideSolutionNode = FALSE
	EndGlobalSection
	GlobalSection(ExtensibilityGlobals) = postSolution
		SolutionGuid = {2FE3C914-8D01-465F-8F6E-886B9E282DED}
	EndGlobalSection
EndGlobal
